
Microsoft Visual Studio Solution File, Format Version 12.00
# Visual Studio Version 17
VisualStudioVersion = 17.9.34723.18
MinimumVisualStudioVersion = 10.0.40219.1
Project("{FAE04EC0-301F-11D3-BF4B-00C04F79EFBC}") = "RailRouteTimetableEditor", "RailRouteTimetableEditor\RailRouteTimetableEditor.csproj", "{146DECE4-F47F-4BAB-8FD2-A380FC9D8F5A}"
EndProject
Global
	GlobalSection(SolutionConfigurationPlatforms) = preSolution
		Debug|Any CPU = Debug|Any CPU
		Release|Any CPU = Release|Any CPU
	EndGlobalSection
	GlobalSection(ProjectConfigurationPlatforms) = postSolution
		{146DECE4-F47F-4BAB-8FD2-A380FC9D8F5A}.Debug|Any CPU.ActiveCfg = Debug|Any CPU
		{146DECE4-F47F-4BAB-8FD2-A380FC9D8F5A}.Debug|Any CPU.Build.0 = Debug|Any CPU
		{146DECE4-F47F-4BAB-8FD2-A380FC9D8F5A}.Release|Any CPU.ActiveCfg = Release|Any CPU
		{146DECE4-F47F-4BAB-8FD2-A380FC9D8F5A}.Release|Any CPU.Build.0 = Release|Any CPU
	EndGlobalSection
	GlobalSection(SolutionProperties) = preSolution
		HideSolutionNode = FALSE
	EndGlobalSection
	GlobalSection(ExtensibilityGlobals) = postSolution
		SolutionGuid = {9EC0FB54-64A9-4C23-9D48-A4DEE6CE9A6A}
	EndGlobalSection
EndGlobal
